
Microsoft Visual Studio Solution File, Format Version 12.00
# Visual Studio 2013
VisualStudioVersion = 12.0.21005.1
MinimumVisualStudioVersion = 10.0.40219.1
Project("{FAE04EC0-301F-11D3-BF4B-00C04F79EFBC}") = "Garments", "Garments\Garments.csproj", "{7C410D18-F039-4709-BCDC-0E726AC010C9}"
EndProject
Project("{FAE04EC0-301F-11D3-BF4B-00C04F79EFBC}") = "DataBaseClass", "DataBaseClass\DataBaseClass.csproj", "{830A3CDC-8467-4E9F-A312-84B52BF232CB}"
EndProject
Global
	GlobalSection(SolutionConfigurationPlatforms) = preSolution
		Debug|Any CPU = Debug|Any CPU
		Release|Any CPU = Release|Any CPU
	EndGlobalSection
	GlobalSection(ProjectConfigurationPlatforms) = postSolution
		{7C410D18-F039-4709-BCDC-0E726AC010C9}.Debug|Any CPU.ActiveCfg = Debug|Any CPU
		{7C410D18-F039-4709-BCDC-0E726AC010C9}.Debug|Any CPU.Build.0 = Debug|Any CPU
		{7C410D18-F039-4709-BCDC-0E726AC010C9}.Release|Any CPU.ActiveCfg = Release|Any CPU
		{7C410D18-F039-4709-BCDC-0E726AC010C9}.Release|Any CPU.Build.0 = Release|Any CPU
		{830A3CDC-8467-4E9F-A312-84B52BF232CB}.Debug|Any CPU.ActiveCfg = Debug|Any CPU
		{830A3CDC-8467-4E9F-A312-84B52BF232CB}.Debug|Any CPU.Build.0 = Debug|Any CPU
		{830A3CDC-8467-4E9F-A312-84B52BF232CB}.Release|Any CPU.ActiveCfg = Release|Any CPU
		{830A3CDC-8467-4E9F-A312-84B52BF232CB}.Release|Any CPU.Build.0 = Release|Any CPU
	EndGlobalSection
	GlobalSection(SolutionProperties) = preSolution
		HideSolutionNode = FALSE
	EndGlobalSection
EndGlobal
